// !$*UTF8*$!
{
	archiveVersion = 1;
	classes = {
	};
	objectVersion = 56;
	objects = {

/* Begin PBXBuildFile section */
		9EA2F8CD2B6652490053E30A /* AppDelegate.swift in Sources */ = {isa = PBXBuildFile; fileRef = 9EA2F8CC2B6652490053E30A /* AppDelegate.swift */; };
		9EA2F8CF2B6652490053E30A /* SceneDelegate.swift in Sources */ = {isa = PBXBuildFile; fileRef = 9EA2F8CE2B6652490053E30A /* SceneDelegate.swift */; };
		9EA2F8D12B6652490053E30A /* ViewController.swift in Sources */ = {isa = PBXBuildFile; fileRef = 9EA2F8D02B6652490053E30A /* ViewController.swift */; };
		9EA2F8D42B6652490053E30A /* Main.storyboard in Resources */ = {isa = PBXBuildFile; fileRef = 9EA2F8D22B6652490053E30A /* Main.storyboard */; };
		9EA2F8D62B66524A0053E30A /* Assets.xcassets in Resources */ = {isa = PBXBuildFile; fileRef = 9EA2F8D52B66524A0053E30A /* Assets.xcassets */; };
		9EA2F8D92B66524A0053E30A /* LaunchScreen.storyboard in Resources */ = {isa = PBXBuildFile; fileRef = 9EA2F8D72B66524A0053E30A /* LaunchScreen.storyboard */; };
		9EA2F8E32B6652A10053E30A /* shopping.json in Resources */ = {isa = PBXBuildFile; fileRef = 9EA2F8E22B6652A10053E30A /* shopping.json */; };
		9EA2F8E62B6653560053E30A /* JsonDataParser.swift in Sources */ = {isa = PBXBuildFile; fileRef = 9EA2F8E52B6653560053E30A /* JsonDataParser.swift */; };
		9EA2F8E92B6653920053E30A /* CoreDataModel.xcdatamodeld in Sources */ = {isa = PBXBuildFile; fileRef = 9EA2F8E72B6653920053E30A /* CoreDataModel.xcdatamodeld */; };
		9EA2F8EB2B6654C20053E30A /* persistanceStorage.swift in Sources */ = {isa = PBXBuildFile; fileRef = 9EA2F8EA2B6654C20053E30A /* persistanceStorage.swift */; };
		9EA2F8EE2B6655470053E30A /* Model.swift in Sources */ = {isa = PBXBuildFile; fileRef = 9EA2F8ED2B6655470053E30A /* Model.swift */; };
		9EA2F8FB2B665C220053E30A /* CDCategory+CoreDataClass.swift in Sources */ = {isa = PBXBuildFile; fileRef = 9EA2F8F72B665C220053E30A /* CDCategory+CoreDataClass.swift */; };
		9EA2F8FC2B665C220053E30A /* CDCategory+CoreDataProperties.swift in Sources */ = {isa = PBXBuildFile; fileRef = 9EA2F8F82B665C220053E30A /* CDCategory+CoreDataProperties.swift */; };
		9EA2F8FD2B665C220053E30A /* CDItem+CoreDataClass.swift in Sources */ = {isa = PBXBuildFile; fileRef = 9EA2F8F92B665C220053E30A /* CDItem+CoreDataClass.swift */; };
		9EA2F8FE2B665C220053E30A /* CDItem+CoreDataProperties.swift in Sources */ = {isa = PBXBuildFile; fileRef = 9EA2F8FA2B665C220053E30A /* CDItem+CoreDataProperties.swift */; };
		9EA2F9002B66732F0053E30A /* TableViewCell.swift in Sources */ = {isa = PBXBuildFile; fileRef = 9EA2F8FF2B66732F0053E30A /* TableViewCell.swift */; };
		9EA2F9022B66768D0053E30A /* ItemCollectionViewCell.swift in Sources */ = {isa = PBXBuildFile; fileRef = 9EA2F9012B66768D0053E30A /* ItemCollectionViewCell.swift */; };
		9EA2F9052B667F330053E30A /* SDWebImage in Frameworks */ = {isa = PBXBuildFile; productRef = 9EA2F9042B667F330053E30A /* SDWebImage */; };
		9EA2F9072B667F330053E30A /* SDWebImageMapKit in Frameworks */ = {isa = PBXBuildFile; productRef = 9EA2F9062B667F330053E30A /* SDWebImageMapKit */; };
		9ED07C142B681E1600781947 /* CDAddedItems+CoreDataClass.swift in Sources */ = {isa = PBXBuildFile; fileRef = 9ED07C102B681E1600781947 /* CDAddedItems+CoreDataClass.swift */; };
		9ED07C152B681E1600781947 /* CDAddedItems+CoreDataProperties.swift in Sources */ = {isa = PBXBuildFile; fileRef = 9ED07C112B681E1600781947 /* CDAddedItems+CoreDataProperties.swift */; };
		9ED07C1A2B68220700781947 /* CDLikedItems+CoreDataClass.swift in Sources */ = {isa = PBXBuildFile; fileRef = 9ED07C182B68220700781947 /* CDLikedItems+CoreDataClass.swift */; };
		9ED07C1B2B68220700781947 /* CDLikedItems+CoreDataProperties.swift in Sources */ = {isa = PBXBuildFile; fileRef = 9ED07C192B68220700781947 /* CDLikedItems+CoreDataProperties.swift */; };
/* End PBXBuildFile section */

/* Begin PBXFileReference section */
		9EA2F8C92B6652490053E30A /* FoodMart1.app */ = {isa = PBXFileReference; explicitFileType = wrapper.application; includeInIndex = 0; path = FoodMart1.app; sourceTree = BUILT_PRODUCTS_DIR; };
		9EA2F8CC2B6652490053E30A /* AppDelegate.swift */ = {isa = PBXFileReference; lastKnownFileType = sourcecode.swift; path = AppDelegate.swift; sourceTree = "<group>"; };
		9EA2F8CE2B6652490053E30A /* SceneDelegate.swift */ = {isa = PBXFileReference; lastKnownFileType = sourcecode.swift; path = SceneDelegate.swift; sourceTree = "<group>"; };
		9EA2F8D02B6652490053E30A /* ViewController.swift */ = {isa = PBXFileReference; lastKnownFileType = sourcecode.swift; path = ViewController.swift; sourceTree = "<group>"; };
		9EA2F8D32B6652490053E30A /* Base */ = {isa = PBXFileReference; lastKnownFileType = file.storyboard; name = Base; path = Base.lproj/Main.storyboard; sourceTree = "<group>"; };
		9EA2F8D52B66524A0053E30A /* Assets.xcassets */ = {isa = PBXFileReference; lastKnownFileType = folder.assetcatalog; path = Assets.xcassets; sourceTree = "<group>"; };
		9EA2F8D82B66524A0053E30A /* Base */ = {isa = PBXFileReference; lastKnownFileType = file.storyboard; name = Base; path = Base.lproj/LaunchScreen.storyboard; sourceTree = "<group>"; };
		9EA2F8DA2B66524A0053E30A /* Info.plist */ = {isa = PBXFileReference; lastKnownFileType = text.plist.xml; path = Info.plist; sourceTree = "<group>"; };
		9EA2F8E22B6652A10053E30A /* shopping.json */ = {isa = PBXFileReference; fileEncoding = 4; lastKnownFileType = text.json; path = shopping.json; sourceTree = "<group>"; };
		9EA2F8E52B6653560053E30A /* JsonDataParser.swift */ = {isa = PBXFileReference; lastKnownFileType = sourcecode.swift; path = JsonDataParser.swift; sourceTree = "<group>"; };
		9EA2F8E82B6653920053E30A /* CoreDataModel.xcdatamodel */ = {isa = PBXFileReference; lastKnownFileType = wrapper.xcdatamodel; path = CoreDataModel.xcdatamodel; sourceTree = "<group>"; };
		9EA2F8EA2B6654C20053E30A /* persistanceStorage.swift */ = {isa = PBXFileReference; lastKnownFileType = sourcecode.swift; path = persistanceStorage.swift; sourceTree = "<group>"; };
		9EA2F8ED2B6655470053E30A /* Model.swift */ = {isa = PBXFileReference; lastKnownFileType = sourcecode.swift; path = Model.swift; sourceTree = "<group>"; };
		9EA2F8F72B665C220053E30A /* CDCategory+CoreDataClass.swift */ = {isa = PBXFileReference; lastKnownFileType = sourcecode.swift; path = "CDCategory+CoreDataClass.swift"; sourceTree = "<group>"; };
		9EA2F8F82B665C220053E30A /* CDCategory+CoreDataProperties.swift */ = {isa = PBXFileReference; lastKnownFileType = sourcecode.swift; path = "CDCategory+CoreDataProperties.swift"; sourceTree = "<group>"; };
		9EA2F8F92B665C220053E30A /* CDItem+CoreDataClass.swift */ = {isa = PBXFileReference; lastKnownFileType = sourcecode.swift; path = "CDItem+CoreDataClass.swift"; sourceTree = "<group>"; };
		9EA2F8FA2B665C220053E30A /* CDItem+CoreDataProperties.swift */ = {isa = PBXFileReference; lastKnownFileType = sourcecode.swift; path = "CDItem+CoreDataProperties.swift"; sourceTree = "<group>"; };
		9EA2F8FF2B66732F0053E30A /* TableViewCell.swift */ = {isa = PBXFileReference; lastKnownFileType = sourcecode.swift; path = TableViewCell.swift; sourceTree = "<group>"; };
		9EA2F9012B66768D0053E30A /* ItemCollectionViewCell.swift */ = {isa = PBXFileReference; lastKnownFileType = sourcecode.swift; path = ItemCollectionViewCell.swift; sourceTree = "<group>"; };
		9ED07C102B681E1600781947 /* CDAddedItems+CoreDataClass.swift */ = {isa = PBXFileReference; lastKnownFileType = sourcecode.swift; path = "CDAddedItems+CoreDataClass.swift"; sourceTree = "<group>"; };
		9ED07C112B681E1600781947 /* CDAddedItems+CoreDataProperties.swift */ = {isa = PBXFileReference; lastKnownFileType = sourcecode.swift; path = "CDAddedItems+CoreDataProperties.swift"; sourceTree = "<group>"; };
		9ED07C182B68220700781947 /* CDLikedItems+CoreDataClass.swift */ = {isa = PBXFileReference; lastKnownFileType = sourcecode.swift; path = "CDLikedItems+CoreDataClass.swift"; sourceTree = SOURCE_ROOT; };
		9ED07C192B68220700781947 /* CDLikedItems+CoreDataProperties.swift */ = {isa = PBXFileReference; lastKnownFileType = sourcecode.swift; path = "CDLikedItems+CoreDataProperties.swift"; sourceTree = SOURCE_ROOT; };
/* End PBXFileReference section */

/* Begin PBXFrameworksBuildPhase section */
		9EA2F8C62B6652490053E30A /* Frameworks */ = {
			isa = PBXFrameworksBuildPhase;
			buildActionMask = 2147483647;
			files = (
				9EA2F9072B667F330053E30A /* SDWebImageMapKit in Frameworks */,
				9EA2F9052B667F330053E30A /* SDWebImage in Frameworks */,
			);
			runOnlyForDeploymentPostprocessing = 0;
		};
/* End PBXFrameworksBuildPhase section */

/* Begin PBXGroup section */
		9EA2F8C02B6652490053E30A = {
			isa = PBXGroup;
			children = (
				9EA2F8CB2B6652490053E30A /* FoodMart1 */,
				9EA2F8FF2B66732F0053E30A /* TableViewCell.swift */,
				9EA2F8E72B6653920053E30A /* CoreDataModel.xcdatamodeld */,
				9EA2F8F72B665C220053E30A /* CDCategory+CoreDataClass.swift */,
				9EA2F8F82B665C220053E30A /* CDCategory+CoreDataProperties.swift */,
				9EA2F8F92B665C220053E30A /* CDItem+CoreDataClass.swift */,
				9EA2F8FA2B665C220053E30A /* CDItem+CoreDataProperties.swift */,
				9ED07C102B681E1600781947 /* CDAddedItems+CoreDataClass.swift */,
				9ED07C112B681E1600781947 /* CDAddedItems+CoreDataProperties.swift */,
				9ED07C182B68220700781947 /* CDLikedItems+CoreDataClass.swift */,
				9ED07C192B68220700781947 /* CDLikedItems+CoreDataProperties.swift */,
				9EA2F8CA2B6652490053E30A /* Products */,
			);
			sourceTree = "<group>";
		};
		9EA2F8CA2B6652490053E30A /* Products */ = {
			isa = PBXGroup;
			children = (
				9EA2F8C92B6652490053E30A /* FoodMart1.app */,
			);
			name = Products;
			sourceTree = "<group>";
		};
		9EA2F8CB2B6652490053E30A /* FoodMart1 */ = {
			isa = PBXGroup;
			children = (
				9EA2F8EC2B6655400053E30A /* Models */,
				9EA2F8E42B6653190053E30A /* DataOperations */,
				9EA2F8E02B6652710053E30A /* DataRepository */,
				9EA2F8CC2B6652490053E30A /* AppDelegate.swift */,
				9EA2F8CE2B6652490053E30A /* SceneDelegate.swift */,
				9EA2F8D02B6652490053E30A /* ViewController.swift */,
				9EA2F8D22B6652490053E30A /* Main.storyboard */,
				9EA2F9012B66768D0053E30A /* ItemCollectionViewCell.swift */,
				9EA2F8D52B66524A0053E30A /* Assets.xcassets */,
				9EA2F8D72B66524A0053E30A /* LaunchScreen.storyboard */,
				9EA2F8DA2B66524A0053E30A /* Info.plist */,
			);
			path = FoodMart1;
			sourceTree = "<group>";
		};
		9EA2F8E02B6652710053E30A /* DataRepository */ = {
			isa = PBXGroup;
			children = (
				9EA2F8E12B66527A0053E30A /* JsonData */,
				9EA2F8EA2B6654C20053E30A /* persistanceStorage.swift */,
			);
			path = DataRepository;
			sourceTree = "<group>";
		};
		9EA2F8E12B66527A0053E30A /* JsonData */ = {
			isa = PBXGroup;
			children = (
				9EA2F8E22B6652A10053E30A /* shopping.json */,
			);
			path = JsonData;
			sourceTree = "<group>";
		};
		9EA2F8E42B6653190053E30A /* DataOperations */ = {
			isa = PBXGroup;
			children = (
				9EA2F8E52B6653560053E30A /* JsonDataParser.swift */,
			);
			path = DataOperations;
			sourceTree = "<group>";
		};
		9EA2F8EC2B6655400053E30A /* Models */ = {
			isa = PBXGroup;
			children = (
				9EA2F8ED2B6655470053E30A /* Model.swift */,
			);
			path = Models;
			sourceTree = "<group>";
		};
/* End PBXGroup section */

/* Begin PBXNativeTarget section */
		9EA2F8C82B6652490053E30A /* FoodMart1 */ = {
			isa = PBXNativeTarget;
			buildConfigurationList = 9EA2F8DD2B66524A0053E30A /* Build configuration list for PBXNativeTarget "FoodMart1" */;
			buildPhases = (
				9EA2F8C52B6652490053E30A /* Sources */,
				9EA2F8C62B6652490053E30A /* Frameworks */,
				9EA2F8C72B6652490053E30A /* Resources */,
			);
			buildRules = (
			);
			dependencies = (
			);
			name = FoodMart1;
			packageProductDependencies = (
				9EA2F9042B667F330053E30A /* SDWebImage */,
				9EA2F9062B667F330053E30A /* SDWebImageMapKit */,
			);
			productName = FoodMart1;
			productReference = 9EA2F8C92B6652490053E30A /* FoodMart1.app */;
			productType = "com.apple.product-type.application";
		};
/* End PBXNativeTarget section */

/* Begin PBXProject section */
		9EA2F8C12B6652490053E30A /* Project object */ = {
			isa = PBXProject;
			attributes = {
				BuildIndependentTargetsInParallel = 1;
				LastSwiftUpdateCheck = 1500;
				LastUpgradeCheck = 1500;
				TargetAttributes = {
					9EA2F8C82B6652490053E30A = {
						CreatedOnToolsVersion = 15.0.1;
					};
				};
			};
			buildConfigurationList = 9EA2F8C42B6652490053E30A /* Build configuration list for PBXProject "FoodMart1" */;
			compatibilityVersion = "Xcode 14.0";
			developmentRegion = en;
			hasScannedForEncodings = 0;
			knownRegions = (
				en,
				Base,
			);
			mainGroup = 9EA2F8C02B6652490053E30A;
			packageReferences = (
				9EA2F9032B667F330053E30A /* XCRemoteSwiftPackageReference "SDWebImage" */,
			);
			productRefGroup = 9EA2F8CA2B6652490053E30A /* Products */;
			projectDirPath = "";
			projectRoot = "";
			targets = (
				9EA2F8C82B6652490053E30A /* FoodMart1 */,
			);
		};
/* End PBXProject section */

/* Begin PBXResourcesBuildPhase section */
		9EA2F8C72B6652490053E30A /* Resources */ = {
			isa = PBXResourcesBuildPhase;
			buildActionMask = 2147483647;
			files = (
				9EA2F8D92B66524A0053E30A /* LaunchScreen.storyboard in Resources */,
				9EA2F8E32B6652A10053E30A /* shopping.json in Resources */,
				9EA2F8D62B66524A0053E30A /* Assets.xcassets in Resources */,
				9EA2F8D42B6652490053E30A /* Main.storyboard in Resources */,
			);
			runOnlyForDeploymentPostprocessing = 0;
		};
/* End PBXResourcesBuildPhase section */

/* Begin PBXSourcesBuildPhase section */
		9EA2F8C52B6652490053E30A /* Sources */ = {
			isa = PBXSourcesBuildPhase;
			buildActionMask = 2147483647;
			files = (
				9EA2F8FC2B665C220053E30A /* CDCategory+CoreDataProperties.swift in Sources */,
				9EA2F8FE2B665C220053E30A /* CDItem+CoreDataProperties.swift in Sources */,
				9ED07C1A2B68220700781947 /* CDLikedItems+CoreDataClass.swift in Sources */,
				9ED07C152B681E1600781947 /* CDAddedItems+CoreDataProperties.swift in Sources */,
				9ED07C1B2B68220700781947 /* CDLikedItems+CoreDataProperties.swift in Sources */,
				9EA2F8EE2B6655470053E30A /* Model.swift in Sources */,
				9EA2F8D12B6652490053E30A /* ViewController.swift in Sources */,
				9EA2F8FB2B665C220053E30A /* CDCategory+CoreDataClass.swift in Sources */,
				9EA2F8EB2B6654C20053E30A /* persistanceStorage.swift in Sources */,
				9EA2F8CD2B6652490053E30A /* AppDelegate.swift in Sources */,
				9EA2F8CF2B6652490053E30A /* SceneDelegate.swift in Sources */,
				9EA2F8FD2B665C220053E30A /* CDItem+CoreDataClass.swift in Sources */,
				9EA2F9002B66732F0053E30A /* TableViewCell.swift in Sources */,
				9EA2F8E62B6653560053E30A /* JsonDataParser.swift in Sources */,
				9EA2F8E92B6653920053E30A /* CoreDataModel.xcdatamodeld in Sources */,
				9ED07C142B681E1600781947 /* CDAddedItems+CoreDataClass.swift in Sources */,
				9EA2F9022B66768D0053E30A /* ItemCollectionViewCell.swift in Sources */,
			);
			runOnlyForDeploymentPostprocessing = 0;
		};
/* End PBXSourcesBuildPhase section */

/* Begin PBXVariantGroup section */
		9EA2F8D22B6652490053E30A /* Main.storyboard */ = {
			isa = PBXVariantGroup;
			children = (
				9EA2F8D32B6652490053E30A /* Base */,
			);
			name = Main.storyboard;
			sourceTree = "<group>";
		};
		9EA2F8D72B66524A0053E30A /* LaunchScreen.storyboard */ = {
			isa = PBXVariantGroup;
			children = (
				9EA2F8D82B66524A0053E30A /* Base */,
			);
			name = LaunchScreen.storyboard;
			sourceTree = "<group>";
		};
/* End PBXVariantGroup section */

/* Begin XCBuildConfiguration section */
		9EA2F8DB2B66524A0053E30A /* Debug */ = {
			isa = XCBuildConfiguration;
			buildSettings = {
				ALWAYS_SEARCH_USER_PATHS = NO;
				ASSETCATALOG_COMPILER_GENERATE_SWIFT_ASSET_SYMBOL_EXTENSIONS = YES;
				CLANG_ANALYZER_NONNULL = YES;
				CLANG_ANALYZER_NUMBER_OBJECT_CONVERSION = YES_AGGRESSIVE;
				CLANG_CXX_LANGUAGE_STANDARD = "gnu++20";
				CLANG_ENABLE_MODULES = YES;
				CLANG_ENABLE_OBJC_ARC = YES;
				CLANG_ENABLE_OBJC_WEAK = YES;
				CLANG_WARN_BLOCK_CAPTURE_AUTORELEASING = YES;
				CLANG_WARN_BOOL_CONVERSION = YES;
				CLANG_WARN_COMMA = YES;
				CLANG_WARN_CONSTANT_CONVERSION = YES;
				CLANG_WARN_DEPRECATED_OBJC_IMPLEMENTATIONS = YES;
				CLANG_WARN_DIRECT_OBJC_ISA_USAGE = YES_ERROR;
				CLANG_WARN_DOCUMENTATION_COMMENTS = YES;
				CLANG_WARN_EMPTY_BODY = YES;
				CLANG_WARN_ENUM_CONVERSION = YES;
				CLANG_WARN_INFINITE_RECURSION = YES;
				CLANG_WARN_INT_CONVERSION = YES;
				CLANG_WARN_NON_LITERAL_NULL_CONVERSION = YES;
				CLANG_WARN_OBJC_IMPLICIT_RETAIN_SELF = YES;
				CLANG_WARN_OBJC_LITERAL_CONVERSION = YES;
				CLANG_WARN_OBJC_ROOT_CLASS = YES_ERROR;
				CLANG_WARN_QUOTED_INCLUDE_IN_FRAMEWORK_HEADER = YES;
				CLANG_WARN_RANGE_LOOP_ANALYSIS = YES;
				CLANG_WARN_STRICT_PROTOTYPES = YES;
				CLANG_WARN_SUSPICIOUS_MOVE = YES;
				CLANG_WARN_UNGUARDED_AVAILABILITY = YES_AGGRESSIVE;
				CLANG_WARN_UNREACHABLE_CODE = YES;
				CLANG_WARN__DUPLICATE_METHOD_MATCH = YES;
				COPY_PHASE_STRIP = NO;
				DEBUG_INFORMATION_FORMAT = dwarf;
				ENABLE_STRICT_OBJC_MSGSEND = YES;
				ENABLE_TESTABILITY = YES;
				ENABLE_USER_SCRIPT_SANDBOXING = YES;
				GCC_C_LANGUAGE_STANDARD = gnu17;
				GCC_DYNAMIC_NO_PIC = NO;
				GCC_NO_COMMON_BLOCKS = YES;
				GCC_OPTIMIZATION_LEVEL = 0;
				GCC_PREPROCESSOR_DEFINITIONS = (
					"DEBUG=1",
					"$(inherited)",
				);
				GCC_WARN_64_TO_32_BIT_CONVERSION = YES;
				GCC_WARN_ABOUT_RETURN_TYPE = YES_ERROR;
				GCC_WARN_UNDECLARED_SELECTOR = YES;
				GCC_WARN_UNINITIALIZED_AUTOS = YES_AGGRESSIVE;
				GCC_WARN_UNUSED_FUNCTION = YES;
				GCC_WARN_UNUSED_VARIABLE = YES;
				IPHONEOS_DEPLOYMENT_TARGET = 17.0;
				LOCALIZATION_PREFERS_STRING_CATALOGS = YES;
				MTL_ENABLE_DEBUG_INFO = INCLUDE_SOURCE;
				MTL_FAST_MATH = YES;
				ONLY_ACTIVE_ARCH = YES;
				SDKROOT = iphoneos;
				SWIFT_ACTIVE_COMPILATION_CONDITIONS = "DEBUG $(inherited)";
				SWIFT_OPTIMIZATION_LEVEL = "-Onone";
			};
			name = Debug;
		};
		9EA2F8DC2B66524A0053E30A /* Release */ = {
			isa = XCBuildConfiguration;
			buildSettings = {
				ALWAYS_SEARCH_USER_PATHS = NO;
				ASSETCATALOG_COMPILER_GENERATE_SWIFT_ASSET_SYMBOL_EXTENSIONS = YES;
				CLANG_ANALYZER_NONNULL = YES;
				CLANG_ANALYZER_NUMBER_OBJECT_CONVERSION = YES_AGGRESSIVE;
				CLANG_CXX_LANGUAGE_STANDARD = "gnu++20";
				CLANG_ENABLE_MODULES = YES;
				CLANG_ENABLE_OBJC_ARC = YES;
				CLANG_ENABLE_OBJC_WEAK = YES;
				CLANG_WARN_BLOCK_CAPTURE_AUTORELEASING = YES;
				CLANG_WARN_BOOL_CONVERSION = YES;
				CLANG_WARN_COMMA = YES;
				CLANG_WARN_CONSTANT_CONVERSION = YES;
				CLANG_WARN_DEPRECATED_OBJC_IMPLEMENTATIONS = YES;
				CLANG_WARN_DIRECT_OBJC_ISA_USAGE = YES_ERROR;
				CLANG_WARN_DOCUMENTATION_COMMENTS = YES;
				CLANG_WARN_EMPTY_BODY = YES;
				CLANG_WARN_ENUM_CONVERSION = YES;
				CLANG_WARN_INFINITE_RECURSION = YES;
				CLANG_WARN_INT_CONVERSION = YES;
				CLANG_WARN_NON_LITERAL_NULL_CONVERSION = YES;
				CLANG_WARN_OBJC_IMPLICIT_RETAIN_SELF = YES;
				CLANG_WARN_OBJC_LITERAL_CONVERSION = YES;
				CLANG_WARN_OBJC_ROOT_CLASS = YES_ERROR;
				CLANG_WARN_QUOTED_INCLUDE_IN_FRAMEWORK_HEADER = YES;
				CLANG_WARN_RANGE_LOOP_ANALYSIS = YES;
				CLANG_WARN_STRICT_PROTOTYPES = YES;
				CLANG_WARN_SUSPICIOUS_MOVE = YES;
				CLANG_WARN_UNGUARDED_AVAILABILITY = YES_AGGRESSIVE;
				CLANG_WARN_UNREACHABLE_CODE = YES;
				CLANG_WARN__DUPLICATE_METHOD_MATCH = YES;
				COPY_PHASE_STRIP = NO;
				DEBUG_INFORMATION_FORMAT = "dwarf-with-dsym";
				ENABLE_NS_ASSERTIONS = NO;
				ENABLE_STRICT_OBJC_MSGSEND = YES;
				ENABLE_USER_SCRIPT_SANDBOXING = YES;
				GCC_C_LANGUAGE_STANDARD = gnu17;
				GCC_NO_COMMON_BLOCKS = YES;
				GCC_WARN_64_TO_32_BIT_CONVERSION = YES;
				GCC_WARN_ABOUT_RETURN_TYPE = YES_ERROR;
				GCC_WARN_UNDECLARED_SELECTOR = YES;
				GCC_WARN_UNINITIALIZED_AUTOS = YES_AGGRESSIVE;
				GCC_WARN_UNUSED_FUNCTION = YES;
				GCC_WARN_UNUSED_VARIABLE = YES;
				IPHONEOS_DEPLOYMENT_TARGET = 17.0;
				LOCALIZATION_PREFERS_STRING_CATALOGS = YES;
				MTL_ENABLE_DEBUG_INFO = NO;
				MTL_FAST_MATH = YES;
				SDKROOT = iphoneos;
				SWIFT_COMPILATION_MODE = wholemodule;
				VALIDATE_PRODUCT = YES;
			};
			name = Release;
		};
		9EA2F8DE2B66524A0053E30A /* Debug */ = {
			isa = XCBuildConfiguration;
			buildSettings = {
				ASSETCATALOG_COMPILER_APPICON_NAME = AppIcon;
				ASSETCATALOG_COMPILER_GLOBAL_ACCENT_COLOR_NAME = AccentColor;
				CODE_SIGN_STYLE = Automatic;
				CURRENT_PROJECT_VERSION = 1;
				DEVELOPMENT_TEAM = 29M4S87GY3;
				GENERATE_INFOPLIST_FILE = YES;
				INFOPLIST_FILE = FoodMart1/Info.plist;
				INFOPLIST_KEY_UIApplicationSupportsIndirectInputEvents = YES;
				INFOPLIST_KEY_UILaunchStoryboardName = LaunchScreen;
				INFOPLIST_KEY_UIMainStoryboardFile = Main;
				INFOPLIST_KEY_UISupportedInterfaceOrientations_iPad = "UIInterfaceOrientationPortrait UIInterfaceOrientationPortraitUpsideDown UIInterfaceOrientationLandscapeLeft UIInterfaceOrientationLandscapeRight";
				INFOPLIST_KEY_UISupportedInterfaceOrientations_iPhone = "UIInterfaceOrientationPortrait UIInterfaceOrientationLandscapeLeft UIInterfaceOrientationLandscapeRight";
				LD_RUNPATH_SEARCH_PATHS = (
					"$(inherited)",
					"@executable_path/Frameworks",
				);
				MARKETING_VERSION = 1.0;
				PRODUCT_BUNDLE_IDENTIFIER = com.yourcompany.FoodMart1;
				PRODUCT_NAME = "$(TARGET_NAME)";
				SWIFT_EMIT_LOC_STRINGS = YES;
				SWIFT_VERSION = 5.0;
				TARGETED_DEVICE_FAMILY = "1,2";
			};
			name = Debug;
		};
		9EA2F8DF2B66524A0053E30A /* Release */ = {
			isa = XCBuildConfiguration;
			buildSettings = {
				ASSETCATALOG_COMPILER_APPICON_NAME = AppIcon;
				ASSETCATALOG_COMPILER_GLOBAL_ACCENT_COLOR_NAME = AccentColor;
				CODE_SIGN_STYLE = Automatic;
				CURRENT_PROJECT_VERSION = 1;
				DEVELOPMENT_TEAM = 29M4S87GY3;
				GENERATE_INFOPLIST_FILE = YES;
				INFOPLIST_FILE = FoodMart1/Info.plist;
				INFOPLIST_KEY_UIApplicationSupportsIndirectInputEvents = YES;
				INFOPLIST_KEY_UILaunchStoryboardName = LaunchScreen;
				INFOPLIST_KEY_UIMainStoryboardFile = Main;
				INFOPLIST_KEY_UISupportedInterfaceOrientations_iPad = "UIInterfaceOrientationPortrait UIInterfaceOrientationPortraitUpsideDown UIInterfaceOrientationLandscapeLeft UIInterfaceOrientationLandscapeRight";
				INFOPLIST_KEY_UISupportedInterfaceOrientations_iPhone = "UIInterfaceOrientationPortrait UIInterfaceOrientationLandscapeLeft UIInterfaceOrientationLandscapeRight";
				LD_RUNPATH_SEARCH_PATHS = (
					"$(inherited)",
					"@executable_path/Frameworks",
				);
				MARKETING_VERSION = 1.0;
				PRODUCT_BUNDLE_IDENTIFIER = com.yourcompany.FoodMart1;
				PRODUCT_NAME = "$(TARGET_NAME)";
				SWIFT_EMIT_LOC_STRINGS = YES;
				SWIFT_VERSION = 5.0;
				TARGETED_DEVICE_FAMILY = "1,2";
			};
			name = Release;
		};
/* End XCBuildConfiguration section */

/* Begin XCConfigurationList section */
		9EA2F8C42B6652490053E30A /* Build configuration list for PBXProject "FoodMart1" */ = {
			isa = XCConfigurationList;
			buildConfigurations = (
				9EA2F8DB2B66524A0053E30A /* Debug */,
				9EA2F8DC2B66524A0053E30A /* Release */,
			);
			defaultConfigurationIsVisible = 0;
			defaultConfigurationName = Release;
		};
		9EA2F8DD2B66524A0053E30A /* Build configuration list for PBXNativeTarget "FoodMart1" */ = {
			isa = XCConfigurationList;
			buildConfigurations = (
				9EA2F8DE2B66524A0053E30A /* Debug */,
				9EA2F8DF2B66524A0053E30A /* Release */,
			);
			defaultConfigurationIsVisible = 0;
			defaultConfigurationName = Release;
		};
/* End XCConfigurationList section */

/* Begin XCRemoteSwiftPackageReference section */
		9EA2F9032B667F330053E30A /* XCRemoteSwiftPackageReference "SDWebImage" */ = {
			isa = XCRemoteSwiftPackageReference;
			repositoryURL = "https://github.com/SDWebImage/SDWebImage.git";
			requirement = {
				kind = upToNextMajorVersion;
				minimumVersion = 5.18.10;
			};
		};
/* End XCRemoteSwiftPackageReference section */

/* Begin XCSwiftPackageProductDependency section */
		9EA2F9042B667F330053E30A /* SDWebImage */ = {
			isa = XCSwiftPackageProductDependency;
			package = 9EA2F9032B667F330053E30A /* XCRemoteSwiftPackageReference "SDWebImage" */;
			productName = SDWebImage;
		};
		9EA2F9062B667F330053E30A /* SDWebImageMapKit */ = {
			isa = XCSwiftPackageProductDependency;
			package = 9EA2F9032B667F330053E30A /* XCRemoteSwiftPackageReference "SDWebImage" */;
			productName = SDWebImageMapKit;
		};
/* End XCSwiftPackageProductDependency section */

/* Begin XCVersionGroup section */
		9EA2F8E72B6653920053E30A /* CoreDataModel.xcdatamodeld */ = {
			isa = XCVersionGroup;
			children = (
				9EA2F8E82B6653920053E30A /* CoreDataModel.xcdatamodel */,
			);
			currentVersion = 9EA2F8E82B6653920053E30A /* CoreDataModel.xcdatamodel */;
			path = CoreDataModel.xcdatamodeld;
			sourceTree = "<group>";
			versionGroupType = wrapper.xcdatamodel;
		};
/* End XCVersionGroup section */
	};
	rootObject = 9EA2F8C12B6652490053E30A /* Project object */;
}
